
Microsoft Visual Studio Solution File, Format Version 12.00
# Visual Studio 15
VisualStudioVersion = 15.0.28010.2003
MinimumVisualStudioVersion = 10.0.40219.1
Project("{8BC9CEB8-8B4A-11D0-8D11-00A0C91BC942}") = "Test", "Test\Test.vcxproj", "{8F284E3B-7C6F-45D2-A216-22087D017007}"
EndProject
Project("{8BC9CEB8-8B4A-11D0-8D11-00A0C91BC942}") = "Video2", "Video2\Video2.vcxproj", "{2BAFB09D-6399-400D-B96E-EB5C9F40E394}"
EndProject
Project("{8BC9CEB8-8B4A-11D0-8D11-00A0C91BC942}") = "VTest", "VTest\VTest.vcxproj", "{D6B84504-3D77-4272-8558-4AF31B4714A6}"
EndProject
Global
	GlobalSection(SolutionConfigurationPlatforms) = preSolution
		Debug|ARM = Debug|ARM
		Debug|ARM64 = Debug|ARM64
		Debug|x64 = Debug|x64
		Debug|x86 = Debug|x86
		Release|ARM = Release|ARM
		Release|ARM64 = Release|ARM64
		Release|x64 = Release|x64
		Release|x86 = Release|x86
	EndGlobalSection
	GlobalSection(ProjectConfigurationPlatforms) = postSolution
		{8F284E3B-7C6F-45D2-A216-22087D017007}.Debug|ARM.ActiveCfg = Debug|ARM
		{8F284E3B-7C6F-45D2-A216-22087D017007}.Debug|ARM.Build.0 = Debug|ARM
		{8F284E3B-7C6F-45D2-A216-22087D017007}.Debug|ARM64.ActiveCfg = Debug|ARM64
		{8F284E3B-7C6F-45D2-A216-22087D017007}.Debug|ARM64.Build.0 = Debug|ARM64
		{8F284E3B-7C6F-45D2-A216-22087D017007}.Debug|x64.ActiveCfg = Debug|x64
		{8F284E3B-7C6F-45D2-A216-22087D017007}.Debug|x64.Build.0 = Debug|x64
		{8F284E3B-7C6F-45D2-A216-22087D017007}.Debug|x86.ActiveCfg = Debug|x86
		{8F284E3B-7C6F-45D2-A216-22087D017007}.Debug|x86.Build.0 = Debug|x86
		{8F284E3B-7C6F-45D2-A216-22087D017007}.Release|ARM.ActiveCfg = Release|ARM
		{8F284E3B-7C6F-45D2-A216-22087D017007}.Release|ARM.Build.0 = Release|ARM
		{8F284E3B-7C6F-45D2-A216-22087D017007}.Release|ARM64.ActiveCfg = Release|ARM64
		{8F284E3B-7C6F-45D2-A216-22087D017007}.Release|ARM64.Build.0 = Release|ARM64
		{8F284E3B-7C6F-45D2-A216-22087D017007}.Release|x64.ActiveCfg = Release|x64
		{8F284E3B-7C6F-45D2-A216-22087D017007}.Release|x64.Build.0 = Release|x64
		{8F284E3B-7C6F-45D2-A216-22087D017007}.Release|x86.ActiveCfg = Release|x86
		{8F284E3B-7C6F-45D2-A216-22087D017007}.Release|x86.Build.0 = Release|x86
		{2BAFB09D-6399-400D-B96E-EB5C9F40E394}.Debug|ARM.ActiveCfg = Debug|ARM
		{2BAFB09D-6399-400D-B96E-EB5C9F40E394}.Debug|ARM.Build.0 = Debug|ARM
		{2BAFB09D-6399-400D-B96E-EB5C9F40E394}.Debug|ARM64.ActiveCfg = Debug|ARM64
		{2BAFB09D-6399-400D-B96E-EB5C9F40E394}.Debug|ARM64.Build.0 = Debug|ARM64
		{2BAFB09D-6399-400D-B96E-EB5C9F40E394}.Debug|x64.ActiveCfg = Debug|x64
		{2BAFB09D-6399-400D-B96E-EB5C9F40E394}.Debug|x64.Build.0 = Debug|x64
		{2BAFB09D-6399-400D-B96E-EB5C9F40E394}.Debug|x86.ActiveCfg = Debug|x86
		{2BAFB09D-6399-400D-B96E-EB5C9F40E394}.Debug|x86.Build.0 = Debug|x86
		{2BAFB09D-6399-400D-B96E-EB5C9F40E394}.Release|ARM.ActiveCfg = Release|ARM
		{2BAFB09D-6399-400D-B96E-EB5C9F40E394}.Release|ARM.Build.0 = Release|ARM
		{2BAFB09D-6399-400D-B96E-EB5C9F40E394}.Release|ARM64.ActiveCfg = Release|ARM64
		{2BAFB09D-6399-400D-B96E-EB5C9F40E394}.Release|ARM64.Build.0 = Release|ARM64
		{2BAFB09D-6399-400D-B96E-EB5C9F40E394}.Release|x64.ActiveCfg = Release|x64
		{2BAFB09D-6399-400D-B96E-EB5C9F40E394}.Release|x64.Build.0 = Release|x64
		{2BAFB09D-6399-400D-B96E-EB5C9F40E394}.Release|x86.ActiveCfg = Release|x86
		{2BAFB09D-6399-400D-B96E-EB5C9F40E394}.Release|x86.Build.0 = Release|x86
		{D6B84504-3D77-4272-8558-4AF31B4714A6}.Debug|ARM.ActiveCfg = Debug|ARM
		{D6B84504-3D77-4272-8558-4AF31B4714A6}.Debug|ARM.Build.0 = Debug|ARM
		{D6B84504-3D77-4272-8558-4AF31B4714A6}.Debug|ARM64.ActiveCfg = Debug|ARM64
		{D6B84504-3D77-4272-8558-4AF31B4714A6}.Debug|ARM64.Build.0 = Debug|ARM64
		{D6B84504-3D77-4272-8558-4AF31B4714A6}.Debug|x64.ActiveCfg = Debug|x64
		{D6B84504-3D77-4272-8558-4AF31B4714A6}.Debug|x64.Build.0 = Debug|x64
		{D6B84504-3D77-4272-8558-4AF31B4714A6}.Debug|x86.ActiveCfg = Debug|x86
		{D6B84504-3D77-4272-8558-4AF31B4714A6}.Debug|x86.Build.0 = Debug|x86
		{D6B84504-3D77-4272-8558-4AF31B4714A6}.Release|ARM.ActiveCfg = Release|ARM
		{D6B84504-3D77-4272-8558-4AF31B4714A6}.Release|ARM.Build.0 = Release|ARM
		{D6B84504-3D77-4272-8558-4AF31B4714A6}.Release|ARM64.ActiveCfg = Release|ARM64
		{D6B84504-3D77-4272-8558-4AF31B4714A6}.Release|ARM64.Build.0 = Release|ARM64
		{D6B84504-3D77-4272-8558-4AF31B4714A6}.Release|x64.ActiveCfg = Release|x64
		{D6B84504-3D77-4272-8558-4AF31B4714A6}.Release|x64.Build.0 = Release|x64
		{D6B84504-3D77-4272-8558-4AF31B4714A6}.Release|x86.ActiveCfg = Release|x86
		{D6B84504-3D77-4272-8558-4AF31B4714A6}.Release|x86.Build.0 = Release|x86
	EndGlobalSection
	GlobalSection(SolutionProperties) = preSolution
		HideSolutionNode = FALSE
	EndGlobalSection
	GlobalSection(ExtensibilityGlobals) = postSolution
		SolutionGuid = {F3A85DEB-3009-4A41-9BBA-59C18072DD32}
	EndGlobalSection
EndGlobal
