
Microsoft Visual Studio Solution File, Format Version 12.00
# Visual Studio 15
VisualStudioVersion = 15.0.28010.2003
MinimumVisualStudioVersion = 10.0.40219.1
Project("{8BC9CEB8-8B4A-11D0-8D11-00A0C91BC942}") = "Test", "Test\Test.vcxproj", "{8F284E3B-7C6F-45D2-A216-22087D017007}"
EndProject
Project("{8BC9CEB8-8B4A-11D0-8D11-00A0C91BC942}") = "VTest", "VTest\VTest.vcxproj", "{D6B84504-3D77-4272-8558-4AF31B4714A6}"
EndProject
Project("{8BC9CEB8-8B4A-11D0-8D11-00A0C91BC942}") = "CommonLib", "CommonLib\CommonLib.vcxproj", "{C5E4DA68-B5F6-4F4B-BC49-41E2FD7D58B7}"
EndProject
Project("{8BC9CEB8-8B4A-11D0-8D11-00A0C91BC942}") = "Video1", "Video1\Video1.vcxproj", "{2BAFB09D-6399-400D-B96E-EB5C9F40E394}"
EndProject
Project("{8BC9CEB8-8B4A-11D0-8D11-00A0C91BC942}") = "VThread1", "VThread1\VThread1.vcxproj", "{0FC28959-6205-4835-8699-5760D4289529}"
EndProject
Global
	GlobalSection(SolutionConfigurationPlatforms) = preSolution
		Release|ARM = Release|ARM
	EndGlobalSection
	GlobalSection(ProjectConfigurationPlatforms) = postSolution
		{8F284E3B-7C6F-45D2-A216-22087D017007}.Release|ARM.ActiveCfg = Release|ARM
		{8F284E3B-7C6F-45D2-A216-22087D017007}.Release|ARM.Build.0 = Release|ARM
		{D6B84504-3D77-4272-8558-4AF31B4714A6}.Release|ARM.ActiveCfg = Release|ARM
		{D6B84504-3D77-4272-8558-4AF31B4714A6}.Release|ARM.Build.0 = Release|ARM
		{C5E4DA68-B5F6-4F4B-BC49-41E2FD7D58B7}.Release|ARM.ActiveCfg = Release|ARM
		{C5E4DA68-B5F6-4F4B-BC49-41E2FD7D58B7}.Release|ARM.Build.0 = Release|ARM
		{2BAFB09D-6399-400D-B96E-EB5C9F40E394}.Release|ARM.ActiveCfg = Release|ARM
		{2BAFB09D-6399-400D-B96E-EB5C9F40E394}.Release|ARM.Build.0 = Release|ARM
		{0FC28959-6205-4835-8699-5760D4289529}.Release|ARM.ActiveCfg = Release|ARM
		{0FC28959-6205-4835-8699-5760D4289529}.Release|ARM.Build.0 = Release|ARM
	EndGlobalSection
	GlobalSection(SolutionProperties) = preSolution
		HideSolutionNode = FALSE
	EndGlobalSection
	GlobalSection(ExtensibilityGlobals) = postSolution
		SolutionGuid = {F3A85DEB-3009-4A41-9BBA-59C18072DD32}
	EndGlobalSection
EndGlobal
